
Microsoft Visual Studio Solution File, Format Version 12.00
# Visual Studio Version 16
VisualStudioVersion = 16.0.29519.87
MinimumVisualStudioVersion = 10.0.40219.1
Project("{8BC9CEB8-8B4A-11D0-8D11-00A0C91BC942}") = "Shenmue3SDK", "Shenmue3SDK.vcxproj", "{065CEDEA-3E8B-4A98-8958-109C11888D6C}"
	ProjectSection(ProjectDependencies) = postProject
		{F142A341-5EE0-442D-A15F-98AE9B48DBAE} = {F142A341-5EE0-442D-A15F-98AE9B48DBAE}
	EndProjectSection
EndProject
Project("{8BC9CEB8-8B4A-11D0-8D11-00A0C91BC942}") = "libMinHook", "minhook\build\VC15\libMinHook.vcxproj", "{F142A341-5EE0-442D-A15F-98AE9B48DBAE}"
EndProject
Project("{2150E333-8FDC-42A3-9474-1A3956D46DE8}") = "SDK", "SDK", "{943EE41D-44A6-4EFF-B23A-A62CE2278748}"
EndProject
Project("{2150E333-8FDC-42A3-9474-1A3956D46DE8}") = "vendor", "vendor", "{EA88FE36-4B9F-42D3-8ED9-6F842507325F}"
EndProject
Project("{8BC9CEB8-8B4A-11D0-8D11-00A0C91BC942}") = "ExampleTool", "ExampleTool\ExampleTool.vcxproj", "{7F83A482-C304-4A65-B1DD-58F89452E525}"
	ProjectSection(ProjectDependencies) = postProject
		{065CEDEA-3E8B-4A98-8958-109C11888D6C} = {065CEDEA-3E8B-4A98-8958-109C11888D6C}
	EndProjectSection
EndProject
Global
	GlobalSection(SolutionConfigurationPlatforms) = preSolution
		Debug|x64 = Debug|x64
		Release|x64 = Release|x64
	EndGlobalSection
	GlobalSection(ProjectConfigurationPlatforms) = postSolution
		{065CEDEA-3E8B-4A98-8958-109C11888D6C}.Debug|x64.ActiveCfg = Debug|x64
		{065CEDEA-3E8B-4A98-8958-109C11888D6C}.Debug|x64.Build.0 = Debug|x64
		{065CEDEA-3E8B-4A98-8958-109C11888D6C}.Release|x64.ActiveCfg = Release|x64
		{065CEDEA-3E8B-4A98-8958-109C11888D6C}.Release|x64.Build.0 = Release|x64
		{F142A341-5EE0-442D-A15F-98AE9B48DBAE}.Debug|x64.ActiveCfg = Debug|x64
		{F142A341-5EE0-442D-A15F-98AE9B48DBAE}.Debug|x64.Build.0 = Debug|x64
		{F142A341-5EE0-442D-A15F-98AE9B48DBAE}.Release|x64.ActiveCfg = Release|x64
		{F142A341-5EE0-442D-A15F-98AE9B48DBAE}.Release|x64.Build.0 = Release|x64
		{7F83A482-C304-4A65-B1DD-58F89452E525}.Debug|x64.ActiveCfg = Debug|x64
		{7F83A482-C304-4A65-B1DD-58F89452E525}.Debug|x64.Build.0 = Debug|x64
		{7F83A482-C304-4A65-B1DD-58F89452E525}.Release|x64.ActiveCfg = Release|x64
		{7F83A482-C304-4A65-B1DD-58F89452E525}.Release|x64.Build.0 = Release|x64
	EndGlobalSection
	GlobalSection(SolutionProperties) = preSolution
		HideSolutionNode = FALSE
	EndGlobalSection
	GlobalSection(NestedProjects) = preSolution
		{065CEDEA-3E8B-4A98-8958-109C11888D6C} = {943EE41D-44A6-4EFF-B23A-A62CE2278748}
		{F142A341-5EE0-442D-A15F-98AE9B48DBAE} = {EA88FE36-4B9F-42D3-8ED9-6F842507325F}
		{EA88FE36-4B9F-42D3-8ED9-6F842507325F} = {943EE41D-44A6-4EFF-B23A-A62CE2278748}
	EndGlobalSection
	GlobalSection(ExtensibilityGlobals) = postSolution
		SolutionGuid = {DEFC0D7B-421D-4D78-B1DE-1D5B934F5886}
	EndGlobalSection
EndGlobal
